
Microsoft Visual Studio Solution File, Format Version 12.00
# Visual Studio 15
VisualStudioVersion = 15.0.26730.16
MinimumVisualStudioVersion = 10.0.40219.1
Project("{FAE04EC0-301F-11D3-BF4B-00C04F79EFBC}") = "AspNetCore20Mvc", "AspNetCore20Mvc\AspNetCore20Mvc.csproj", "{E4A37147-3F17-435E-B76D-1336C8B384CC}"
EndProject
Global
	GlobalSection(SolutionConfigurationPlatforms) = preSolution
		Debug|Any CPU = Debug|Any CPU
		Release|Any CPU = Release|Any CPU
	EndGlobalSection
	GlobalSection(ProjectConfigurationPlatforms) = postSolution
		{E4A37147-3F17-435E-B76D-1336C8B384CC}.Debug|Any CPU.ActiveCfg = Debug|Any CPU
		{E4A37147-3F17-435E-B76D-1336C8B384CC}.Debug|Any CPU.Build.0 = Debug|Any CPU
		{E4A37147-3F17-435E-B76D-1336C8B384CC}.Release|Any CPU.ActiveCfg = Release|Any CPU
		{E4A37147-3F17-435E-B76D-1336C8B384CC}.Release|Any CPU.Build.0 = Release|Any CPU
	EndGlobalSection
	GlobalSection(SolutionProperties) = preSolution
		HideSolutionNode = FALSE
	EndGlobalSection
	GlobalSection(ExtensibilityGlobals) = postSolution
		SolutionGuid = {8825BEB1-14AF-489C-9158-6008564CD836}
	EndGlobalSection
EndGlobal
