
Microsoft Visual Studio Solution File, Format Version 12.00
# Visual Studio 15
VisualStudioVersion = 15.0.27130.2036
MinimumVisualStudioVersion = 10.0.40219.1
Project("{9A19103F-16F7-4668-BE54-9A1E7A4F7556}") = "AspNetCore20Mvc", "AspNetCore20Mvc\AspNetCore20Mvc.csproj", "{7EAC4AEE-1EA3-45EE-8947-D890C8E2077E}"
EndProject
Project("{FAE04EC0-301F-11D3-BF4B-00C04F79EFBC}") = "AspNet46Mvc", "AspNet46Mvc\AspNet46Mvc.csproj", "{0EE84680-BFF5-4053-BC5F-BE6778FCCD2F}"
EndProject
Project("{D954291E-2A0B-460D-934E-DC6B0785DB48}") = "SharedCode", "SharedCode\SharedCode.shproj", "{62A22B80-A111-440F-884C-C2C943A46B51}"
EndProject
Project("{FAE04EC0-301F-11D3-BF4B-00C04F79EFBC}") = "SimpleRequestSender", "SimpleRequestSender\SimpleRequestSender.csproj", "{B32659A4-2F74-46CE-8206-37671FC0B387}"
EndProject
Project("{2150E333-8FDC-42A3-9474-1A3956D46DE8}") = "prod-e2e", "prod-e2e", "{3510303D-8C19-45BB-896D-75ACA3E5B1C9}"
EndProject
Project("{FAE04EC0-301F-11D3-BF4B-00C04F79EFBC}") = "cd-e2e-westus2-aspnet46", "prod-e2e\cd-e2e-westus2-aspnet46\cd-e2e-westus2-aspnet46.csproj", "{0FDC41DB-1EF7-4B1F-A630-0EB2F5B9ADFF}"
EndProject
Project("{9A19103F-16F7-4668-BE54-9A1E7A4F7556}") = "cd-e2e-westus2-aspnetcore20", "prod-e2e\cd-e2e-westus2-aspnetcore20\cd-e2e-westus2-aspnetcore20.csproj", "{C16C03EC-437A-4A7A-93E6-FC8E0334AC91}"
EndProject
Project("{FAE04EC0-301F-11D3-BF4B-00C04F79EFBC}") = "cd-e2e-westeu-aspnet46", "prod-e2e\cd-e2e-westeu-aspnet46\cd-e2e-westeu-aspnet46.csproj", "{2BBA64BA-08EE-4350-BC46-30E1A03B26E5}"
EndProject
Project("{9A19103F-16F7-4668-BE54-9A1E7A4F7556}") = "cd-e2e-westeu-aspnetcore20", "prod-e2e\cd-e2e-westeu-aspnetcore20\cd-e2e-westeu-aspnetcore20.csproj", "{88A3DF9E-4506-4A29-B03E-67EBF096EB9B}"
EndProject
Project("{2150E333-8FDC-42A3-9474-1A3956D46DE8}") = "prod-cloud-service", "prod-cloud-service", "{78590463-36FC-4B15-9320-29763620217C}"
EndProject
Project("{CC5FD16D-436D-48AD-A40C-5A424C6E3E79}") = "cd-e2e-cloud-service", "prod-cloud-service\cd-e2e-cloud-service\cd-e2e-cloud-service.ccproj", "{54FE26BB-AEDD-4904-8698-5E6E6A546623}"
EndProject
Project("{FAE04EC0-301F-11D3-BF4B-00C04F79EFBC}") = "cd-e2e-web-role", "cd-e2e-web-role\cd-e2e-web-role.csproj", "{FAC66CFB-1AA4-40BB-B962-5B1F6DCBA9A3}"
EndProject
Project("{FAE04EC0-301F-11D3-BF4B-00C04F79EFBC}") = "cd-e2e-worker-role", "cd-e2e-worker-role\cd-e2e-worker-role.csproj", "{E96B6490-0F2F-4296-97AC-BAFDA2D3E43F}"
EndProject
Project("{2150E333-8FDC-42A3-9474-1A3956D46DE8}") = "prod-service-fabric", "prod-service-fabric", "{FA6A767D-C8E5-42D2-922D-FF1EBDF9FFF9}"
EndProject
Project("{A07B5EB6-E848-4116-A8D0-A826331D98C6}") = "cd_e2e_sf_app", "cd-e2e-sf-app\cd_e2e_sf_app.sfproj", "{F5EEFB55-9577-4474-A6B9-72E639EB7834}"
EndProject
Project("{9A19103F-16F7-4668-BE54-9A1E7A4F7556}") = "cd_e2e_sf_web", "cd_e2e_sf_web\cd_e2e_sf_web.csproj", "{69267E43-C0EA-4EEB-9E92-42251DCC437A}"
EndProject
Project("{9A19103F-16F7-4668-BE54-9A1E7A4F7556}") = "cd_e2e_sf_worker", "cd_e2e_sf_worker\cd_e2e_sf_worker.csproj", "{00B03D52-6106-44F8-A6DC-3FB504113137}"
EndProject
Project("{2150E333-8FDC-42A3-9474-1A3956D46DE8}") = "auto-inject", "auto-inject", "{D473649C-F201-44C2-9BF2-A9B109EAD383}"
EndProject
Project("{FAE04EC0-301F-11D3-BF4B-00C04F79EFBC}") = "inject-app-asp-net-core-20", "inject-app-asp-net-core-20\inject-app-asp-net-core-20.csproj", "{FAD61F88-28FC-4013-8974-0C2C8C7BA941}"
EndProject
Global
	GlobalSection(SharedMSBuildProjectFiles) = preSolution
		SharedCode\SharedCode.projitems*{62a22b80-a111-440f-884c-c2c943a46b51}*SharedItemsImports = 13
	EndGlobalSection
	GlobalSection(SolutionConfigurationPlatforms) = preSolution
		Debug|Any CPU = Debug|Any CPU
		Debug|x64 = Debug|x64
		Release|Any CPU = Release|Any CPU
		Release|x64 = Release|x64
	EndGlobalSection
	GlobalSection(ProjectConfigurationPlatforms) = postSolution
		{7EAC4AEE-1EA3-45EE-8947-D890C8E2077E}.Debug|Any CPU.ActiveCfg = Debug|Any CPU
		{7EAC4AEE-1EA3-45EE-8947-D890C8E2077E}.Debug|Any CPU.Build.0 = Debug|Any CPU
		{7EAC4AEE-1EA3-45EE-8947-D890C8E2077E}.Debug|x64.ActiveCfg = Debug|Any CPU
		{7EAC4AEE-1EA3-45EE-8947-D890C8E2077E}.Debug|x64.Build.0 = Debug|Any CPU
		{7EAC4AEE-1EA3-45EE-8947-D890C8E2077E}.Release|Any CPU.ActiveCfg = Release|Any CPU
		{7EAC4AEE-1EA3-45EE-8947-D890C8E2077E}.Release|Any CPU.Build.0 = Release|Any CPU
		{7EAC4AEE-1EA3-45EE-8947-D890C8E2077E}.Release|x64.ActiveCfg = Release|Any CPU
		{7EAC4AEE-1EA3-45EE-8947-D890C8E2077E}.Release|x64.Build.0 = Release|Any CPU
		{0EE84680-BFF5-4053-BC5F-BE6778FCCD2F}.Debug|Any CPU.ActiveCfg = Debug|Any CPU
		{0EE84680-BFF5-4053-BC5F-BE6778FCCD2F}.Debug|Any CPU.Build.0 = Debug|Any CPU
		{0EE84680-BFF5-4053-BC5F-BE6778FCCD2F}.Debug|x64.ActiveCfg = Debug|Any CPU
		{0EE84680-BFF5-4053-BC5F-BE6778FCCD2F}.Debug|x64.Build.0 = Debug|Any CPU
		{0EE84680-BFF5-4053-BC5F-BE6778FCCD2F}.Release|Any CPU.ActiveCfg = Release|Any CPU
		{0EE84680-BFF5-4053-BC5F-BE6778FCCD2F}.Release|Any CPU.Build.0 = Release|Any CPU
		{0EE84680-BFF5-4053-BC5F-BE6778FCCD2F}.Release|x64.ActiveCfg = Release|Any CPU
		{0EE84680-BFF5-4053-BC5F-BE6778FCCD2F}.Release|x64.Build.0 = Release|Any CPU
		{B32659A4-2F74-46CE-8206-37671FC0B387}.Debug|Any CPU.ActiveCfg = Debug|Any CPU
		{B32659A4-2F74-46CE-8206-37671FC0B387}.Debug|Any CPU.Build.0 = Debug|Any CPU
		{B32659A4-2F74-46CE-8206-37671FC0B387}.Debug|x64.ActiveCfg = Debug|Any CPU
		{B32659A4-2F74-46CE-8206-37671FC0B387}.Debug|x64.Build.0 = Debug|Any CPU
		{B32659A4-2F74-46CE-8206-37671FC0B387}.Release|Any CPU.ActiveCfg = Release|Any CPU
		{B32659A4-2F74-46CE-8206-37671FC0B387}.Release|Any CPU.Build.0 = Release|Any CPU
		{B32659A4-2F74-46CE-8206-37671FC0B387}.Release|x64.ActiveCfg = Release|Any CPU
		{B32659A4-2F74-46CE-8206-37671FC0B387}.Release|x64.Build.0 = Release|Any CPU
		{0FDC41DB-1EF7-4B1F-A630-0EB2F5B9ADFF}.Debug|Any CPU.ActiveCfg = Debug|Any CPU
		{0FDC41DB-1EF7-4B1F-A630-0EB2F5B9ADFF}.Debug|Any CPU.Build.0 = Debug|Any CPU
		{0FDC41DB-1EF7-4B1F-A630-0EB2F5B9ADFF}.Debug|x64.ActiveCfg = Debug|Any CPU
		{0FDC41DB-1EF7-4B1F-A630-0EB2F5B9ADFF}.Debug|x64.Build.0 = Debug|Any CPU
		{0FDC41DB-1EF7-4B1F-A630-0EB2F5B9ADFF}.Release|Any CPU.ActiveCfg = Release|Any CPU
		{0FDC41DB-1EF7-4B1F-A630-0EB2F5B9ADFF}.Release|Any CPU.Build.0 = Release|Any CPU
		{0FDC41DB-1EF7-4B1F-A630-0EB2F5B9ADFF}.Release|x64.ActiveCfg = Release|Any CPU
		{0FDC41DB-1EF7-4B1F-A630-0EB2F5B9ADFF}.Release|x64.Build.0 = Release|Any CPU
		{C16C03EC-437A-4A7A-93E6-FC8E0334AC91}.Debug|Any CPU.ActiveCfg = Debug|Any CPU
		{C16C03EC-437A-4A7A-93E6-FC8E0334AC91}.Debug|Any CPU.Build.0 = Debug|Any CPU
		{C16C03EC-437A-4A7A-93E6-FC8E0334AC91}.Debug|x64.ActiveCfg = Debug|Any CPU
		{C16C03EC-437A-4A7A-93E6-FC8E0334AC91}.Debug|x64.Build.0 = Debug|Any CPU
		{C16C03EC-437A-4A7A-93E6-FC8E0334AC91}.Release|Any CPU.ActiveCfg = Release|Any CPU
		{C16C03EC-437A-4A7A-93E6-FC8E0334AC91}.Release|Any CPU.Build.0 = Release|Any CPU
		{C16C03EC-437A-4A7A-93E6-FC8E0334AC91}.Release|x64.ActiveCfg = Release|Any CPU
		{C16C03EC-437A-4A7A-93E6-FC8E0334AC91}.Release|x64.Build.0 = Release|Any CPU
		{2BBA64BA-08EE-4350-BC46-30E1A03B26E5}.Debug|Any CPU.ActiveCfg = Debug|Any CPU
		{2BBA64BA-08EE-4350-BC46-30E1A03B26E5}.Debug|Any CPU.Build.0 = Debug|Any CPU
		{2BBA64BA-08EE-4350-BC46-30E1A03B26E5}.Debug|x64.ActiveCfg = Debug|Any CPU
		{2BBA64BA-08EE-4350-BC46-30E1A03B26E5}.Debug|x64.Build.0 = Debug|Any CPU
		{2BBA64BA-08EE-4350-BC46-30E1A03B26E5}.Release|Any CPU.ActiveCfg = Release|Any CPU
		{2BBA64BA-08EE-4350-BC46-30E1A03B26E5}.Release|Any CPU.Build.0 = Release|Any CPU
		{2BBA64BA-08EE-4350-BC46-30E1A03B26E5}.Release|x64.ActiveCfg = Release|Any CPU
		{2BBA64BA-08EE-4350-BC46-30E1A03B26E5}.Release|x64.Build.0 = Release|Any CPU
		{88A3DF9E-4506-4A29-B03E-67EBF096EB9B}.Debug|Any CPU.ActiveCfg = Debug|Any CPU
		{88A3DF9E-4506-4A29-B03E-67EBF096EB9B}.Debug|Any CPU.Build.0 = Debug|Any CPU
		{88A3DF9E-4506-4A29-B03E-67EBF096EB9B}.Debug|x64.ActiveCfg = Debug|Any CPU
		{88A3DF9E-4506-4A29-B03E-67EBF096EB9B}.Debug|x64.Build.0 = Debug|Any CPU
		{88A3DF9E-4506-4A29-B03E-67EBF096EB9B}.Release|Any CPU.ActiveCfg = Release|Any CPU
		{88A3DF9E-4506-4A29-B03E-67EBF096EB9B}.Release|Any CPU.Build.0 = Release|Any CPU
		{88A3DF9E-4506-4A29-B03E-67EBF096EB9B}.Release|x64.ActiveCfg = Release|Any CPU
		{88A3DF9E-4506-4A29-B03E-67EBF096EB9B}.Release|x64.Build.0 = Release|Any CPU
		{54FE26BB-AEDD-4904-8698-5E6E6A546623}.Debug|Any CPU.ActiveCfg = Debug|Any CPU
		{54FE26BB-AEDD-4904-8698-5E6E6A546623}.Debug|Any CPU.Build.0 = Debug|Any CPU
		{54FE26BB-AEDD-4904-8698-5E6E6A546623}.Debug|x64.ActiveCfg = Debug|Any CPU
		{54FE26BB-AEDD-4904-8698-5E6E6A546623}.Debug|x64.Build.0 = Debug|Any CPU
		{54FE26BB-AEDD-4904-8698-5E6E6A546623}.Release|Any CPU.ActiveCfg = Release|Any CPU
		{54FE26BB-AEDD-4904-8698-5E6E6A546623}.Release|Any CPU.Build.0 = Release|Any CPU
		{54FE26BB-AEDD-4904-8698-5E6E6A546623}.Release|x64.ActiveCfg = Release|Any CPU
		{54FE26BB-AEDD-4904-8698-5E6E6A546623}.Release|x64.Build.0 = Release|Any CPU
		{FAC66CFB-1AA4-40BB-B962-5B1F6DCBA9A3}.Debug|Any CPU.ActiveCfg = Debug|Any CPU
		{FAC66CFB-1AA4-40BB-B962-5B1F6DCBA9A3}.Debug|Any CPU.Build.0 = Debug|Any CPU
		{FAC66CFB-1AA4-40BB-B962-5B1F6DCBA9A3}.Debug|x64.ActiveCfg = Debug|Any CPU
		{FAC66CFB-1AA4-40BB-B962-5B1F6DCBA9A3}.Debug|x64.Build.0 = Debug|Any CPU
		{FAC66CFB-1AA4-40BB-B962-5B1F6DCBA9A3}.Release|Any CPU.ActiveCfg = Release|Any CPU
		{FAC66CFB-1AA4-40BB-B962-5B1F6DCBA9A3}.Release|Any CPU.Build.0 = Release|Any CPU
		{FAC66CFB-1AA4-40BB-B962-5B1F6DCBA9A3}.Release|x64.ActiveCfg = Release|Any CPU
		{FAC66CFB-1AA4-40BB-B962-5B1F6DCBA9A3}.Release|x64.Build.0 = Release|Any CPU
		{E96B6490-0F2F-4296-97AC-BAFDA2D3E43F}.Debug|Any CPU.ActiveCfg = Debug|Any CPU
		{E96B6490-0F2F-4296-97AC-BAFDA2D3E43F}.Debug|Any CPU.Build.0 = Debug|Any CPU
		{E96B6490-0F2F-4296-97AC-BAFDA2D3E43F}.Debug|x64.ActiveCfg = Debug|Any CPU
		{E96B6490-0F2F-4296-97AC-BAFDA2D3E43F}.Debug|x64.Build.0 = Debug|Any CPU
		{E96B6490-0F2F-4296-97AC-BAFDA2D3E43F}.Release|Any CPU.ActiveCfg = Release|Any CPU
		{E96B6490-0F2F-4296-97AC-BAFDA2D3E43F}.Release|Any CPU.Build.0 = Release|Any CPU
		{E96B6490-0F2F-4296-97AC-BAFDA2D3E43F}.Release|x64.ActiveCfg = Release|Any CPU
		{E96B6490-0F2F-4296-97AC-BAFDA2D3E43F}.Release|x64.Build.0 = Release|Any CPU
		{F5EEFB55-9577-4474-A6B9-72E639EB7834}.Debug|Any CPU.ActiveCfg = Debug|x64
		{F5EEFB55-9577-4474-A6B9-72E639EB7834}.Debug|x64.ActiveCfg = Debug|x64
		{F5EEFB55-9577-4474-A6B9-72E639EB7834}.Debug|x64.Build.0 = Debug|x64
		{F5EEFB55-9577-4474-A6B9-72E639EB7834}.Debug|x64.Deploy.0 = Debug|x64
		{F5EEFB55-9577-4474-A6B9-72E639EB7834}.Release|Any CPU.ActiveCfg = Release|x64
		{F5EEFB55-9577-4474-A6B9-72E639EB7834}.Release|x64.ActiveCfg = Release|x64
		{F5EEFB55-9577-4474-A6B9-72E639EB7834}.Release|x64.Build.0 = Release|x64
		{F5EEFB55-9577-4474-A6B9-72E639EB7834}.Release|x64.Deploy.0 = Release|x64
		{69267E43-C0EA-4EEB-9E92-42251DCC437A}.Debug|Any CPU.ActiveCfg = Debug|Any CPU
		{69267E43-C0EA-4EEB-9E92-42251DCC437A}.Debug|Any CPU.Build.0 = Debug|Any CPU
		{69267E43-C0EA-4EEB-9E92-42251DCC437A}.Debug|x64.ActiveCfg = Debug|Any CPU
		{69267E43-C0EA-4EEB-9E92-42251DCC437A}.Debug|x64.Build.0 = Debug|Any CPU
		{69267E43-C0EA-4EEB-9E92-42251DCC437A}.Release|Any CPU.ActiveCfg = Release|Any CPU
		{69267E43-C0EA-4EEB-9E92-42251DCC437A}.Release|Any CPU.Build.0 = Release|Any CPU
		{69267E43-C0EA-4EEB-9E92-42251DCC437A}.Release|x64.ActiveCfg = Release|Any CPU
		{69267E43-C0EA-4EEB-9E92-42251DCC437A}.Release|x64.Build.0 = Release|Any CPU
		{00B03D52-6106-44F8-A6DC-3FB504113137}.Debug|Any CPU.ActiveCfg = Debug|Any CPU
		{00B03D52-6106-44F8-A6DC-3FB504113137}.Debug|Any CPU.Build.0 = Debug|Any CPU
		{00B03D52-6106-44F8-A6DC-3FB504113137}.Debug|x64.ActiveCfg = Debug|Any CPU
		{00B03D52-6106-44F8-A6DC-3FB504113137}.Debug|x64.Build.0 = Debug|Any CPU
		{00B03D52-6106-44F8-A6DC-3FB504113137}.Release|Any CPU.ActiveCfg = Release|Any CPU
		{00B03D52-6106-44F8-A6DC-3FB504113137}.Release|Any CPU.Build.0 = Release|Any CPU
		{00B03D52-6106-44F8-A6DC-3FB504113137}.Release|x64.ActiveCfg = Release|Any CPU
		{00B03D52-6106-44F8-A6DC-3FB504113137}.Release|x64.Build.0 = Release|Any CPU
		{FAD61F88-28FC-4013-8974-0C2C8C7BA941}.Debug|Any CPU.ActiveCfg = Debug|Any CPU
		{FAD61F88-28FC-4013-8974-0C2C8C7BA941}.Debug|Any CPU.Build.0 = Debug|Any CPU
		{FAD61F88-28FC-4013-8974-0C2C8C7BA941}.Debug|x64.ActiveCfg = Debug|Any CPU
		{FAD61F88-28FC-4013-8974-0C2C8C7BA941}.Debug|x64.Build.0 = Debug|Any CPU
		{FAD61F88-28FC-4013-8974-0C2C8C7BA941}.Release|Any CPU.ActiveCfg = Release|Any CPU
		{FAD61F88-28FC-4013-8974-0C2C8C7BA941}.Release|Any CPU.Build.0 = Release|Any CPU
		{FAD61F88-28FC-4013-8974-0C2C8C7BA941}.Release|x64.ActiveCfg = Release|Any CPU
		{FAD61F88-28FC-4013-8974-0C2C8C7BA941}.Release|x64.Build.0 = Release|Any CPU
	EndGlobalSection
	GlobalSection(SolutionProperties) = preSolution
		HideSolutionNode = FALSE
	EndGlobalSection
	GlobalSection(NestedProjects) = preSolution
		{0FDC41DB-1EF7-4B1F-A630-0EB2F5B9ADFF} = {3510303D-8C19-45BB-896D-75ACA3E5B1C9}
		{C16C03EC-437A-4A7A-93E6-FC8E0334AC91} = {3510303D-8C19-45BB-896D-75ACA3E5B1C9}
		{2BBA64BA-08EE-4350-BC46-30E1A03B26E5} = {3510303D-8C19-45BB-896D-75ACA3E5B1C9}
		{88A3DF9E-4506-4A29-B03E-67EBF096EB9B} = {3510303D-8C19-45BB-896D-75ACA3E5B1C9}
		{54FE26BB-AEDD-4904-8698-5E6E6A546623} = {78590463-36FC-4B15-9320-29763620217C}
		{FAC66CFB-1AA4-40BB-B962-5B1F6DCBA9A3} = {78590463-36FC-4B15-9320-29763620217C}
		{E96B6490-0F2F-4296-97AC-BAFDA2D3E43F} = {78590463-36FC-4B15-9320-29763620217C}
		{F5EEFB55-9577-4474-A6B9-72E639EB7834} = {FA6A767D-C8E5-42D2-922D-FF1EBDF9FFF9}
		{69267E43-C0EA-4EEB-9E92-42251DCC437A} = {FA6A767D-C8E5-42D2-922D-FF1EBDF9FFF9}
		{00B03D52-6106-44F8-A6DC-3FB504113137} = {FA6A767D-C8E5-42D2-922D-FF1EBDF9FFF9}
		{FAD61F88-28FC-4013-8974-0C2C8C7BA941} = {D473649C-F201-44C2-9BF2-A9B109EAD383}
	EndGlobalSection
	GlobalSection(ExtensibilityGlobals) = postSolution
		SolutionGuid = {71D09F4C-7D08-4BB3-AC6D-97903C412EEE}
	EndGlobalSection
EndGlobal
